
Microsoft Visual Studio Solution File, Format Version 12.00
# Visual Studio 14
VisualStudioVersion = 14.0.25420.1
MinimumVisualStudioVersion = 10.0.40219.1
Project("{2150E333-8FDC-42A3-9474-1A3956D46DE8}") = "Data", "Data", "{6D226BA6-D717-42BE-A992-EF4EED376A7E}"
EndProject
Project("{FAE04EC0-301F-11D3-BF4B-00C04F79EFBC}") = "SlienGames.Data.Models", "SlienGames.Data.Models\SlienGames.Data.Models.csproj", "{AD2774FC-9410-4C86-B293-95FB02F70F43}"
EndProject
Project("{2150E333-8FDC-42A3-9474-1A3956D46DE8}") = "Web", "Web", "{88EA6705-5F77-4132-99E8-E80FDF7EDAAD}"
EndProject
Project("{FAE04EC0-301F-11D3-BF4B-00C04F79EFBC}") = "SlienGames.Web", "SlienGames.Web\SlienGames.Web.csproj", "{9B6774B9-87BB-427F-AD51-3987FA89CE1C}"
EndProject
Project("{FAE04EC0-301F-11D3-BF4B-00C04F79EFBC}") = "SlienGames.Data", "SlienGames.Data\SlienGames.Data.csproj", "{8C257009-EEF1-46BA-8D5C-638D3C42B634}"
EndProject
Project("{2150E333-8FDC-42A3-9474-1A3956D46DE8}") = "Tests", "Tests", "{76964A9F-06BC-489A-8329-390DB848CA49}"
EndProject
Project("{FAE04EC0-301F-11D3-BF4B-00C04F79EFBC}") = "SlienGames.Tests", "SlienGames.Tests\SlienGames.Tests.csproj", "{D8A2AB55-CC0F-4285-98BF-9212AE5C3408}"
EndProject
Project("{2150E333-8FDC-42A3-9474-1A3956D46DE8}") = "Services", "Services", "{402477EE-4C5F-4E65-81CF-F178924A63D6}"
EndProject
Project("{FAE04EC0-301F-11D3-BF4B-00C04F79EFBC}") = "SlienGames.Data.Services", "SlienGames.Data.Services\SlienGames.Data.Services.csproj", "{36969CBE-152E-40A5-8F38-126E8EA62C87}"
EndProject
Project("{2150E333-8FDC-42A3-9474-1A3956D46DE8}") = "Games", "Games", "{5739FA66-0BBF-4226-974E-B5E633648F85}"
EndProject
Project("{FAE04EC0-301F-11D3-BF4B-00C04F79EFBC}") = "TicTacToeGame", "TicTacToeGame\TicTacToeGame.csproj", "{97A9CF83-F3FA-4633-8E2C-E950B788DAEF}"
EndProject
Project("{2150E333-8FDC-42A3-9474-1A3956D46DE8}") = "MVP", "MVP", "{0D601347-1995-4F75-B1A1-9C8BB17AE3C1}"
EndProject
Project("{FAE04EC0-301F-11D3-BF4B-00C04F79EFBC}") = "SlienGames.MVP", "SlienGames.MVP\SlienGames.MVP.csproj", "{9908D3C9-AC92-460C-AE3A-1C1CFE3109E0}"
EndProject
Project("{FAE04EC0-301F-11D3-BF4B-00C04F79EFBC}") = "TicTacToeGame.Tests", "TicTacToeGame.Tests\TicTacToeGame.Tests.csproj", "{C07E6C15-17DE-4666-8159-1C5FF78549E6}"
EndProject
Global
	GlobalSection(SolutionConfigurationPlatforms) = preSolution
		Debug|Any CPU = Debug|Any CPU
		Release|Any CPU = Release|Any CPU
	EndGlobalSection
	GlobalSection(ProjectConfigurationPlatforms) = postSolution
		{AD2774FC-9410-4C86-B293-95FB02F70F43}.Debug|Any CPU.ActiveCfg = Debug|Any CPU
		{AD2774FC-9410-4C86-B293-95FB02F70F43}.Debug|Any CPU.Build.0 = Debug|Any CPU
		{AD2774FC-9410-4C86-B293-95FB02F70F43}.Release|Any CPU.ActiveCfg = Release|Any CPU
		{AD2774FC-9410-4C86-B293-95FB02F70F43}.Release|Any CPU.Build.0 = Release|Any CPU
		{9B6774B9-87BB-427F-AD51-3987FA89CE1C}.Debug|Any CPU.ActiveCfg = Debug|Any CPU
		{9B6774B9-87BB-427F-AD51-3987FA89CE1C}.Debug|Any CPU.Build.0 = Debug|Any CPU
		{9B6774B9-87BB-427F-AD51-3987FA89CE1C}.Release|Any CPU.ActiveCfg = Release|Any CPU
		{9B6774B9-87BB-427F-AD51-3987FA89CE1C}.Release|Any CPU.Build.0 = Release|Any CPU
		{8C257009-EEF1-46BA-8D5C-638D3C42B634}.Debug|Any CPU.ActiveCfg = Debug|Any CPU
		{8C257009-EEF1-46BA-8D5C-638D3C42B634}.Debug|Any CPU.Build.0 = Debug|Any CPU
		{8C257009-EEF1-46BA-8D5C-638D3C42B634}.Release|Any CPU.ActiveCfg = Release|Any CPU
		{8C257009-EEF1-46BA-8D5C-638D3C42B634}.Release|Any CPU.Build.0 = Release|Any CPU
		{D8A2AB55-CC0F-4285-98BF-9212AE5C3408}.Debug|Any CPU.ActiveCfg = Debug|Any CPU
		{D8A2AB55-CC0F-4285-98BF-9212AE5C3408}.Debug|Any CPU.Build.0 = Debug|Any CPU
		{D8A2AB55-CC0F-4285-98BF-9212AE5C3408}.Release|Any CPU.ActiveCfg = Release|Any CPU
		{D8A2AB55-CC0F-4285-98BF-9212AE5C3408}.Release|Any CPU.Build.0 = Release|Any CPU
		{36969CBE-152E-40A5-8F38-126E8EA62C87}.Debug|Any CPU.ActiveCfg = Debug|Any CPU
		{36969CBE-152E-40A5-8F38-126E8EA62C87}.Debug|Any CPU.Build.0 = Debug|Any CPU
		{36969CBE-152E-40A5-8F38-126E8EA62C87}.Release|Any CPU.ActiveCfg = Release|Any CPU
		{36969CBE-152E-40A5-8F38-126E8EA62C87}.Release|Any CPU.Build.0 = Release|Any CPU
		{97A9CF83-F3FA-4633-8E2C-E950B788DAEF}.Debug|Any CPU.ActiveCfg = Debug|Any CPU
		{97A9CF83-F3FA-4633-8E2C-E950B788DAEF}.Debug|Any CPU.Build.0 = Debug|Any CPU
		{97A9CF83-F3FA-4633-8E2C-E950B788DAEF}.Release|Any CPU.ActiveCfg = Release|Any CPU
		{97A9CF83-F3FA-4633-8E2C-E950B788DAEF}.Release|Any CPU.Build.0 = Release|Any CPU
		{9908D3C9-AC92-460C-AE3A-1C1CFE3109E0}.Debug|Any CPU.ActiveCfg = Debug|Any CPU
		{9908D3C9-AC92-460C-AE3A-1C1CFE3109E0}.Debug|Any CPU.Build.0 = Debug|Any CPU
		{9908D3C9-AC92-460C-AE3A-1C1CFE3109E0}.Release|Any CPU.ActiveCfg = Release|Any CPU
		{9908D3C9-AC92-460C-AE3A-1C1CFE3109E0}.Release|Any CPU.Build.0 = Release|Any CPU
		{C07E6C15-17DE-4666-8159-1C5FF78549E6}.Debug|Any CPU.ActiveCfg = Debug|Any CPU
		{C07E6C15-17DE-4666-8159-1C5FF78549E6}.Debug|Any CPU.Build.0 = Debug|Any CPU
		{C07E6C15-17DE-4666-8159-1C5FF78549E6}.Release|Any CPU.ActiveCfg = Release|Any CPU
		{C07E6C15-17DE-4666-8159-1C5FF78549E6}.Release|Any CPU.Build.0 = Release|Any CPU
	EndGlobalSection
	GlobalSection(SolutionProperties) = preSolution
		HideSolutionNode = FALSE
	EndGlobalSection
	GlobalSection(NestedProjects) = preSolution
		{AD2774FC-9410-4C86-B293-95FB02F70F43} = {6D226BA6-D717-42BE-A992-EF4EED376A7E}
		{9B6774B9-87BB-427F-AD51-3987FA89CE1C} = {88EA6705-5F77-4132-99E8-E80FDF7EDAAD}
		{8C257009-EEF1-46BA-8D5C-638D3C42B634} = {6D226BA6-D717-42BE-A992-EF4EED376A7E}
		{D8A2AB55-CC0F-4285-98BF-9212AE5C3408} = {76964A9F-06BC-489A-8329-390DB848CA49}
		{36969CBE-152E-40A5-8F38-126E8EA62C87} = {402477EE-4C5F-4E65-81CF-F178924A63D6}
		{97A9CF83-F3FA-4633-8E2C-E950B788DAEF} = {5739FA66-0BBF-4226-974E-B5E633648F85}
		{9908D3C9-AC92-460C-AE3A-1C1CFE3109E0} = {0D601347-1995-4F75-B1A1-9C8BB17AE3C1}
		{C07E6C15-17DE-4666-8159-1C5FF78549E6} = {76964A9F-06BC-489A-8329-390DB848CA49}
	EndGlobalSection
EndGlobal
